# This file is generated by running "yarn install" inside your project.
# Manual changes might be lost - proceed with caution!

__metadata:
  version: 10
  cacheKey: 10c0

"@anthropic-ai/ecosystem-tests-node-yarn-pnp@workspace:.":
  version: 0.0.0-use.local
  resolution: "@anthropic-ai/ecosystem-tests-node-yarn-pnp@workspace:."
  dependencies:
    "@types/node": "npm:20.19.19"
    typescript: "npm:5.8.3"
  languageName: unknown
  linkType: soft

"@types/node@npm:20.19.19":
  version: 20.19.19
  resolution: "@types/node@npm:20.19.19"
  dependencies:
    undici-types: "npm:~6.21.0"
  checksum: 10c0/488589d6d1d562ad4e8ed9bb36703a8f3bb7feed206bba867358eda0965e781a408f14ed7ff1ca334ae6f6823dcfe2eb2536ffe48e2ab02d47b4c3c5395d274a
  languageName: node
  linkType: hard

"typescript@npm:5.8.3":
  version: 5.8.3
  resolution: "typescript@npm:5.8.3"
  bin:
    tsc: ./bin/tsc
    tsserver: ./bin/tsserver
  checksum: 10c0/5f8bb01196e542e64d44db3d16ee0e4063ce4f3e3966df6005f2588e86d91c03e1fb131c2581baf0fb65ee79669eea6e161cd448178986587e9f6844446dbb48
  languageName: node
  linkType: hard

"typescript@patch:typescript@npm%3A5.8.3#optional!builtin<compat/typescript>":
  version: 5.8.3
  resolution: "typescript@patch:typescript@npm%3A5.8.3#optional!builtin<compat/typescript>::version=5.8.3&hash=5786d5"
  bin:
    tsc: ./bin/tsc
    tsserver: ./bin/tsserver
  checksum: 10c0/39117e346ff8ebd87ae1510b3a77d5d92dae5a89bde588c747d25da5c146603a99c8ee588c7ef80faaf123d89ed46f6dbd918d534d641083177d5fac38b8a1cb
  languageName: node
  linkType: hard

"undici-types@npm:~6.21.0":
  version: 6.21.0
  resolution: "undici-types@npm:6.21.0"
  checksum: 10c0/c01ed51829b10aa72fc3ce64b747f8e74ae9b60eafa19a7b46ef624403508a54c526ffab06a14a26b3120d055e1104d7abe7c9017e83ced038ea5cf52f8d5e04
  languageName: node
  linkType: hard
